// !$*UTF8*$!
{
	archiveVersion = 1;
	classes = {
	};
	objectVersion = 56;
	objects = {

/* Begin PBXBuildFile section */
		E40CDD32291AACA600E11907 /* AppDelegate.swift in Sources */ = {isa = PBXBuildFile; fileRef = E40CDD31291AACA600E11907 /* AppDelegate.swift */; };
		E40CDD34291AACA600E11907 /* SceneDelegate.swift in Sources */ = {isa = PBXBuildFile; fileRef = E40CDD33291AACA600E11907 /* SceneDelegate.swift */; };
		E40CDD3B291AACA900E11907 /* Assets.xcassets in Resources */ = {isa = PBXBuildFile; fileRef = E40CDD3A291AACA900E11907 /* Assets.xcassets */; };
		E40CDD3E291AACA900E11907 /* LaunchScreen.storyboard in Resources */ = {isa = PBXBuildFile; fileRef = E40CDD3C291AACA900E11907 /* LaunchScreen.storyboard */; };
		E40CDD49291AB62700E11907 /* EmployeesInteractor.swift in Sources */ = {isa = PBXBuildFile; fileRef = E40CDD48291AB62600E11907 /* EmployeesInteractor.swift */; };
		E40CDD4B291AB62F00E11907 /* EmployeesPresenter.swift in Sources */ = {isa = PBXBuildFile; fileRef = E40CDD4A291AB62F00E11907 /* EmployeesPresenter.swift */; };
		E40CDD4F291AB64000E11907 /* EmployeesRouter.swift in Sources */ = {isa = PBXBuildFile; fileRef = E40CDD4E291AB64000E11907 /* EmployeesRouter.swift */; };
		E44EF242291D109200921E61 /* Aeroport-Bold.ttf in Resources */ = {isa = PBXBuildFile; fileRef = E44EF241291D109200921E61 /* Aeroport-Bold.ttf */; };
		E46BDED3291DA52B002BC93D /* LowerStackView.swift in Sources */ = {isa = PBXBuildFile; fileRef = E46BDED2291DA52B002BC93D /* LowerStackView.swift */; };
		E46BDED5291DA896002BC93D /* AverageStackView.swift in Sources */ = {isa = PBXBuildFile; fileRef = E46BDED4291DA896002BC93D /* AverageStackView.swift */; };
		E46BDED9291E68E4002BC93D /* Constants.swift in Sources */ = {isa = PBXBuildFile; fileRef = E46BDED8291E68E4002BC93D /* Constants.swift */; };
		E46BDEDC291EF507002BC93D /* EmployeesTableViewHeader.swift in Sources */ = {isa = PBXBuildFile; fileRef = E46BDEDB291EF507002BC93D /* EmployeesTableViewHeader.swift */; };
		E46BDEE0291FAA9A002BC93D /* Error+noInternetConnection.swift in Sources */ = {isa = PBXBuildFile; fileRef = E46BDEDF291FAA9A002BC93D /* Error+noInternetConnection.swift */; };
		E46BDEE72923CFD2002BC93D /* EmployeesAssembly.swift in Sources */ = {isa = PBXBuildFile; fileRef = E46BDEE62923CFD2002BC93D /* EmployeesAssembly.swift */; };
		E4B1BC70291AE90D00968401 /* EmployeesViewController.swift in Sources */ = {isa = PBXBuildFile; fileRef = E4B1BC6F291AE90D00968401 /* EmployeesViewController.swift */; };
		E4B1BC74291C3CD000968401 /* EmployeesTableViewCell.swift in Sources */ = {isa = PBXBuildFile; fileRef = E4B1BC73291C3CD000968401 /* EmployeesTableViewCell.swift */; };
		E4C56614292456F900AA3383 /* CompanyModel.swift in Sources */ = {isa = PBXBuildFile; fileRef = E4C56613292456F900AA3383 /* CompanyModel.swift */; };
/* End PBXBuildFile section */

/* Begin PBXFileReference section */
		E40CDD2E291AACA600E11907 /* TestTaskAvito.app */ = {isa = PBXFileReference; explicitFileType = wrapper.application; includeInIndex = 0; path = TestTaskAvito.app; sourceTree = BUILT_PRODUCTS_DIR; };
		E40CDD31291AACA600E11907 /* AppDelegate.swift */ = {isa = PBXFileReference; lastKnownFileType = sourcecode.swift; path = AppDelegate.swift; sourceTree = "<group>"; };
		E40CDD33291AACA600E11907 /* SceneDelegate.swift */ = {isa = PBXFileReference; lastKnownFileType = sourcecode.swift; path = SceneDelegate.swift; sourceTree = "<group>"; };
		E40CDD3A291AACA900E11907 /* Assets.xcassets */ = {isa = PBXFileReference; lastKnownFileType = folder.assetcatalog; path = Assets.xcassets; sourceTree = "<group>"; };
		E40CDD3D291AACA900E11907 /* Base */ = {isa = PBXFileReference; lastKnownFileType = file.storyboard; name = Base; path = Base.lproj/LaunchScreen.storyboard; sourceTree = "<group>"; };
		E40CDD3F291AACA900E11907 /* Info.plist */ = {isa = PBXFileReference; lastKnownFileType = text.plist.xml; path = Info.plist; sourceTree = "<group>"; };
		E40CDD48291AB62600E11907 /* EmployeesInteractor.swift */ = {isa = PBXFileReference; lastKnownFileType = sourcecode.swift; path = EmployeesInteractor.swift; sourceTree = "<group>"; };
		E40CDD4A291AB62F00E11907 /* EmployeesPresenter.swift */ = {isa = PBXFileReference; lastKnownFileType = sourcecode.swift; path = EmployeesPresenter.swift; sourceTree = "<group>"; };
		E40CDD4E291AB64000E11907 /* EmployeesRouter.swift */ = {isa = PBXFileReference; lastKnownFileType = sourcecode.swift; path = EmployeesRouter.swift; sourceTree = "<group>"; };
		E44EF241291D109200921E61 /* Aeroport-Bold.ttf */ = {isa = PBXFileReference; lastKnownFileType = file; path = "Aeroport-Bold.ttf"; sourceTree = "<group>"; };
		E46BDED2291DA52B002BC93D /* LowerStackView.swift */ = {isa = PBXFileReference; lastKnownFileType = sourcecode.swift; path = LowerStackView.swift; sourceTree = "<group>"; };
		E46BDED4291DA896002BC93D /* AverageStackView.swift */ = {isa = PBXFileReference; lastKnownFileType = sourcecode.swift; path = AverageStackView.swift; sourceTree = "<group>"; };
		E46BDED8291E68E4002BC93D /* Constants.swift */ = {isa = PBXFileReference; lastKnownFileType = sourcecode.swift; path = Constants.swift; sourceTree = "<group>"; };
		E46BDEDB291EF507002BC93D /* EmployeesTableViewHeader.swift */ = {isa = PBXFileReference; lastKnownFileType = sourcecode.swift; path = EmployeesTableViewHeader.swift; sourceTree = "<group>"; };
		E46BDEDF291FAA9A002BC93D /* Error+noInternetConnection.swift */ = {isa = PBXFileReference; lastKnownFileType = sourcecode.swift; path = "Error+noInternetConnection.swift"; sourceTree = "<group>"; };
		E46BDEE62923CFD2002BC93D /* EmployeesAssembly.swift */ = {isa = PBXFileReference; lastKnownFileType = sourcecode.swift; path = EmployeesAssembly.swift; sourceTree = "<group>"; };
		E4B1BC6F291AE90D00968401 /* EmployeesViewController.swift */ = {isa = PBXFileReference; lastKnownFileType = sourcecode.swift; path = EmployeesViewController.swift; sourceTree = "<group>"; };
		E4B1BC73291C3CD000968401 /* EmployeesTableViewCell.swift */ = {isa = PBXFileReference; lastKnownFileType = sourcecode.swift; path = EmployeesTableViewCell.swift; sourceTree = "<group>"; };
		E4C56613292456F900AA3383 /* CompanyModel.swift */ = {isa = PBXFileReference; fileEncoding = 4; lastKnownFileType = sourcecode.swift; path = CompanyModel.swift; sourceTree = "<group>"; };
/* End PBXFileReference section */

/* Begin PBXFrameworksBuildPhase section */
		E40CDD2B291AACA600E11907 /* Frameworks */ = {
			isa = PBXFrameworksBuildPhase;
			buildActionMask = 2147483647;
			files = (
			);
			runOnlyForDeploymentPostprocessing = 0;
		};
/* End PBXFrameworksBuildPhase section */

/* Begin PBXGroup section */
		E40CDD25291AACA600E11907 = {
			isa = PBXGroup;
			children = (
				E40CDD30291AACA600E11907 /* TestTaskAvito */,
				E40CDD2F291AACA600E11907 /* Products */,
			);
			sourceTree = "<group>";
		};
		E40CDD2F291AACA600E11907 /* Products */ = {
			isa = PBXGroup;
			children = (
				E40CDD2E291AACA600E11907 /* TestTaskAvito.app */,
			);
			name = Products;
			sourceTree = "<group>";
		};
		E40CDD30291AACA600E11907 /* TestTaskAvito */ = {
			isa = PBXGroup;
			children = (
				E4A1297B291CED19002835ED /* Application */,
				E40CDD45291AB33300E11907 /* Employees */,
				E46BDEE52923CB2E002BC93D /* Model */,
				E46BDEDE291FAA6C002BC93D /* Utils */,
			);
			path = TestTaskAvito;
			sourceTree = "<group>";
		};
		E40CDD45291AB33300E11907 /* Employees */ = {
			isa = PBXGroup;
			children = (
				E46BDEE22923C4A1002BC93D /* ComponentsView */,
				E4B1BC6F291AE90D00968401 /* EmployeesViewController.swift */,
				E40CDD48291AB62600E11907 /* EmployeesInteractor.swift */,
				E40CDD4A291AB62F00E11907 /* EmployeesPresenter.swift */,
				E40CDD4E291AB64000E11907 /* EmployeesRouter.swift */,
				E46BDEE62923CFD2002BC93D /* EmployeesAssembly.swift */,
			);
			path = Employees;
			sourceTree = "<group>";
		};
		E44EF240291D107F00921E61 /* Fonts */ = {
			isa = PBXGroup;
			children = (
				E44EF241291D109200921E61 /* Aeroport-Bold.ttf */,
			);
			path = Fonts;
			sourceTree = "<group>";
		};
		E46BDEDA291EB081002BC93D /* EmployeeCell */ = {
			isa = PBXGroup;
			children = (
				E4B1BC73291C3CD000968401 /* EmployeesTableViewCell.swift */,
				E46BDED4291DA896002BC93D /* AverageStackView.swift */,
				E46BDED2291DA52B002BC93D /* LowerStackView.swift */,
			);
			path = EmployeeCell;
			sourceTree = "<group>";
		};
		E46BDEDE291FAA6C002BC93D /* Utils */ = {
			isa = PBXGroup;
			children = (
				E46BDEDF291FAA9A002BC93D /* Error+noInternetConnection.swift */,
			);
			path = Utils;
			sourceTree = "<group>";
		};
		E46BDEE22923C4A1002BC93D /* ComponentsView */ = {
			isa = PBXGroup;
			children = (
				E46BDEDA291EB081002BC93D /* EmployeeCell */,
				E46BDEDB291EF507002BC93D /* EmployeesTableViewHeader.swift */,
			);
			path = ComponentsView;
			sourceTree = "<group>";
		};
		E46BDEE52923CB2E002BC93D /* Model */ = {
			isa = PBXGroup;
			children = (
				E4C56613292456F900AA3383 /* CompanyModel.swift */,
			);
			path = Model;
			sourceTree = "<group>";
		};
		E4A1297B291CED19002835ED /* Application */ = {
			isa = PBXGroup;
			children = (
				E40CDD31291AACA600E11907 /* AppDelegate.swift */,
				E40CDD33291AACA600E11907 /* SceneDelegate.swift */,
				E46BDED8291E68E4002BC93D /* Constants.swift */,
				E40CDD3F291AACA900E11907 /* Info.plist */,
				E40CDD3C291AACA900E11907 /* LaunchScreen.storyboard */,
				E4A1297C291CED31002835ED /* Resources */,
			);
			path = Application;
			sourceTree = "<group>";
		};
		E4A1297C291CED31002835ED /* Resources */ = {
			isa = PBXGroup;
			children = (
				E44EF240291D107F00921E61 /* Fonts */,
				E40CDD3A291AACA900E11907 /* Assets.xcassets */,
			);
			path = Resources;
			sourceTree = "<group>";
		};
/* End PBXGroup section */

/* Begin PBXNativeTarget section */
		E40CDD2D291AACA600E11907 /* TestTaskAvito */ = {
			isa = PBXNativeTarget;
			buildConfigurationList = E40CDD42291AACA900E11907 /* Build configuration list for PBXNativeTarget "TestTaskAvito" */;
			buildPhases = (
				E40CDD2A291AACA600E11907 /* Sources */,
				E40CDD2B291AACA600E11907 /* Frameworks */,
				E40CDD2C291AACA600E11907 /* Resources */,
			);
			buildRules = (
			);
			dependencies = (
			);
			name = TestTaskAvito;
			productName = TestTaskAvito;
			productReference = E40CDD2E291AACA600E11907 /* TestTaskAvito.app */;
			productType = "com.apple.product-type.application";
		};
/* End PBXNativeTarget section */

/* Begin PBXProject section */
		E40CDD26291AACA600E11907 /* Project object */ = {
			isa = PBXProject;
			attributes = {
				BuildIndependentTargetsInParallel = 1;
				LastSwiftUpdateCheck = 1410;
				LastUpgradeCheck = 1410;
				TargetAttributes = {
					E40CDD2D291AACA600E11907 = {
						CreatedOnToolsVersion = 14.1;
					};
				};
			};
			buildConfigurationList = E40CDD29291AACA600E11907 /* Build configuration list for PBXProject "TestTaskAvito" */;
			compatibilityVersion = "Xcode 14.0";
			developmentRegion = en;
			hasScannedForEncodings = 0;
			knownRegions = (
				en,
				Base,
			);
			mainGroup = E40CDD25291AACA600E11907;
			productRefGroup = E40CDD2F291AACA600E11907 /* Products */;
			projectDirPath = "";
			projectRoot = "";
			targets = (
				E40CDD2D291AACA600E11907 /* TestTaskAvito */,
			);
		};
/* End PBXProject section */

/* Begin PBXResourcesBuildPhase section */
		E40CDD2C291AACA600E11907 /* Resources */ = {
			isa = PBXResourcesBuildPhase;
			buildActionMask = 2147483647;
			files = (
				E44EF242291D109200921E61 /* Aeroport-Bold.ttf in Resources */,
				E40CDD3E291AACA900E11907 /* LaunchScreen.storyboard in Resources */,
				E40CDD3B291AACA900E11907 /* Assets.xcassets in Resources */,
			);
			runOnlyForDeploymentPostprocessing = 0;
		};
/* End PBXResourcesBuildPhase section */

/* Begin PBXSourcesBuildPhase section */
		E40CDD2A291AACA600E11907 /* Sources */ = {
			isa = PBXSourcesBuildPhase;
			buildActionMask = 2147483647;
			files = (
				E40CDD4F291AB64000E11907 /* EmployeesRouter.swift in Sources */,
				E40CDD4B291AB62F00E11907 /* EmployeesPresenter.swift in Sources */,
				E40CDD49291AB62700E11907 /* EmployeesInteractor.swift in Sources */,
				E46BDEE0291FAA9A002BC93D /* Error+noInternetConnection.swift in Sources */,
				E4B1BC74291C3CD000968401 /* EmployeesTableViewCell.swift in Sources */,
				E46BDED9291E68E4002BC93D /* Constants.swift in Sources */,
				E46BDED3291DA52B002BC93D /* LowerStackView.swift in Sources */,
				E40CDD32291AACA600E11907 /* AppDelegate.swift in Sources */,
				E46BDEE72923CFD2002BC93D /* EmployeesAssembly.swift in Sources */,
				E4B1BC70291AE90D00968401 /* EmployeesViewController.swift in Sources */,
				E46BDED5291DA896002BC93D /* AverageStackView.swift in Sources */,
				E40CDD34291AACA600E11907 /* SceneDelegate.swift in Sources */,
				E46BDEDC291EF507002BC93D /* EmployeesTableViewHeader.swift in Sources */,
				E4C56614292456F900AA3383 /* CompanyModel.swift in Sources */,
			);
			runOnlyForDeploymentPostprocessing = 0;
		};
/* End PBXSourcesBuildPhase section */

/* Begin PBXVariantGroup section */
		E40CDD3C291AACA900E11907 /* LaunchScreen.storyboard */ = {
			isa = PBXVariantGroup;
			children = (
				E40CDD3D291AACA900E11907 /* Base */,
			);
			name = LaunchScreen.storyboard;
			sourceTree = "<group>";
		};
/* End PBXVariantGroup section */

/* Begin XCBuildConfiguration section */
		E40CDD40291AACA900E11907 /* Debug */ = {
			isa = XCBuildConfiguration;
			buildSettings = {
				ALWAYS_SEARCH_USER_PATHS = NO;
				CLANG_ANALYZER_NONNULL = YES;
				CLANG_ANALYZER_NUMBER_OBJECT_CONVERSION = YES_AGGRESSIVE;
				CLANG_CXX_LANGUAGE_STANDARD = "gnu++20";
				CLANG_ENABLE_MODULES = YES;
				CLANG_ENABLE_OBJC_ARC = YES;
				CLANG_ENABLE_OBJC_WEAK = YES;
				CLANG_WARN_BLOCK_CAPTURE_AUTORELEASING = YES;
				CLANG_WARN_BOOL_CONVERSION = YES;
				CLANG_WARN_COMMA = YES;
				CLANG_WARN_CONSTANT_CONVERSION = YES;
				CLANG_WARN_DEPRECATED_OBJC_IMPLEMENTATIONS = YES;
				CLANG_WARN_DIRECT_OBJC_ISA_USAGE = YES_ERROR;
				CLANG_WARN_DOCUMENTATION_COMMENTS = YES;
				CLANG_WARN_EMPTY_BODY = YES;
				CLANG_WARN_ENUM_CONVERSION = YES;
				CLANG_WARN_INFINITE_RECURSION = YES;
				CLANG_WARN_INT_CONVERSION = YES;
				CLANG_WARN_NON_LITERAL_NULL_CONVERSION = YES;
				CLANG_WARN_OBJC_IMPLICIT_RETAIN_SELF = YES;
				CLANG_WARN_OBJC_LITERAL_CONVERSION = YES;
				CLANG_WARN_OBJC_ROOT_CLASS = YES_ERROR;
				CLANG_WARN_QUOTED_INCLUDE_IN_FRAMEWORK_HEADER = YES;
				CLANG_WARN_RANGE_LOOP_ANALYSIS = YES;
				CLANG_WARN_STRICT_PROTOTYPES = YES;
				CLANG_WARN_SUSPICIOUS_MOVE = YES;
				CLANG_WARN_UNGUARDED_AVAILABILITY = YES_AGGRESSIVE;
				CLANG_WARN_UNREACHABLE_CODE = YES;
				CLANG_WARN__DUPLICATE_METHOD_MATCH = YES;
				COPY_PHASE_STRIP = NO;
				DEBUG_INFORMATION_FORMAT = dwarf;
				ENABLE_STRICT_OBJC_MSGSEND = YES;
				ENABLE_TESTABILITY = YES;
				GCC_C_LANGUAGE_STANDARD = gnu11;
				GCC_DYNAMIC_NO_PIC = NO;
				GCC_NO_COMMON_BLOCKS = YES;
				GCC_OPTIMIZATION_LEVEL = 0;
				GCC_PREPROCESSOR_DEFINITIONS = (
					"DEBUG=1",
					"$(inherited)",
				);
				GCC_WARN_64_TO_32_BIT_CONVERSION = YES;
				GCC_WARN_ABOUT_RETURN_TYPE = YES_ERROR;
				GCC_WARN_UNDECLARED_SELECTOR = YES;
				GCC_WARN_UNINITIALIZED_AUTOS = YES_AGGRESSIVE;
				GCC_WARN_UNUSED_FUNCTION = YES;
				GCC_WARN_UNUSED_VARIABLE = YES;
				IPHONEOS_DEPLOYMENT_TARGET = 13.0;
				MTL_ENABLE_DEBUG_INFO = INCLUDE_SOURCE;
				MTL_FAST_MATH = YES;
				ONLY_ACTIVE_ARCH = YES;
				SDKROOT = iphoneos;
				SWIFT_ACTIVE_COMPILATION_CONDITIONS = DEBUG;
				SWIFT_OPTIMIZATION_LEVEL = "-Onone";
			};
			name = Debug;
		};
		E40CDD41291AACA900E11907 /* Release */ = {
			isa = XCBuildConfiguration;
			buildSettings = {
				ALWAYS_SEARCH_USER_PATHS = NO;
				CLANG_ANALYZER_NONNULL = YES;
				CLANG_ANALYZER_NUMBER_OBJECT_CONVERSION = YES_AGGRESSIVE;
				CLANG_CXX_LANGUAGE_STANDARD = "gnu++20";
				CLANG_ENABLE_MODULES = YES;
				CLANG_ENABLE_OBJC_ARC = YES;
				CLANG_ENABLE_OBJC_WEAK = YES;
				CLANG_WARN_BLOCK_CAPTURE_AUTORELEASING = YES;
				CLANG_WARN_BOOL_CONVERSION = YES;
				CLANG_WARN_COMMA = YES;
				CLANG_WARN_CONSTANT_CONVERSION = YES;
				CLANG_WARN_DEPRECATED_OBJC_IMPLEMENTATIONS = YES;
				CLANG_WARN_DIRECT_OBJC_ISA_USAGE = YES_ERROR;
				CLANG_WARN_DOCUMENTATION_COMMENTS = YES;
				CLANG_WARN_EMPTY_BODY = YES;
				CLANG_WARN_ENUM_CONVERSION = YES;
				CLANG_WARN_INFINITE_RECURSION = YES;
				CLANG_WARN_INT_CONVERSION = YES;
				CLANG_WARN_NON_LITERAL_NULL_CONVERSION = YES;
				CLANG_WARN_OBJC_IMPLICIT_RETAIN_SELF = YES;
				CLANG_WARN_OBJC_LITERAL_CONVERSION = YES;
				CLANG_WARN_OBJC_ROOT_CLASS = YES_ERROR;
				CLANG_WARN_QUOTED_INCLUDE_IN_FRAMEWORK_HEADER = YES;
				CLANG_WARN_RANGE_LOOP_ANALYSIS = YES;
				CLANG_WARN_STRICT_PROTOTYPES = YES;
				CLANG_WARN_SUSPICIOUS_MOVE = YES;
				CLANG_WARN_UNGUARDED_AVAILABILITY = YES_AGGRESSIVE;
				CLANG_WARN_UNREACHABLE_CODE = YES;
				CLANG_WARN__DUPLICATE_METHOD_MATCH = YES;
				COPY_PHASE_STRIP = NO;
				DEBUG_INFORMATION_FORMAT = "dwarf-with-dsym";
				ENABLE_NS_ASSERTIONS = NO;
				ENABLE_STRICT_OBJC_MSGSEND = YES;
				GCC_C_LANGUAGE_STANDARD = gnu11;
				GCC_NO_COMMON_BLOCKS = YES;
				GCC_WARN_64_TO_32_BIT_CONVERSION = YES;
				GCC_WARN_ABOUT_RETURN_TYPE = YES_ERROR;
				GCC_WARN_UNDECLARED_SELECTOR = YES;
				GCC_WARN_UNINITIALIZED_AUTOS = YES_AGGRESSIVE;
				GCC_WARN_UNUSED_FUNCTION = YES;
				GCC_WARN_UNUSED_VARIABLE = YES;
				IPHONEOS_DEPLOYMENT_TARGET = 13.0;
				MTL_ENABLE_DEBUG_INFO = NO;
				MTL_FAST_MATH = YES;
				SDKROOT = iphoneos;
				SWIFT_COMPILATION_MODE = wholemodule;
				SWIFT_OPTIMIZATION_LEVEL = "-O";
				VALIDATE_PRODUCT = YES;
			};
			name = Release;
		};
		E40CDD43291AACA900E11907 /* Debug */ = {
			isa = XCBuildConfiguration;
			buildSettings = {
				ASSETCATALOG_COMPILER_APPICON_NAME = AppIcon;
				ASSETCATALOG_COMPILER_GLOBAL_ACCENT_COLOR_NAME = AccentColor;
				CODE_SIGN_STYLE = Automatic;
				CURRENT_PROJECT_VERSION = 1;
				DEVELOPMENT_TEAM = MV29L5KM63;
				GENERATE_INFOPLIST_FILE = YES;
				INFOPLIST_FILE = TestTaskAvito/Application/Info.plist;
				INFOPLIST_KEY_UIApplicationSupportsIndirectInputEvents = YES;
				INFOPLIST_KEY_UILaunchStoryboardName = LaunchScreen;
				INFOPLIST_KEY_UISupportedInterfaceOrientations = "UIInterfaceOrientationLandscapeLeft UIInterfaceOrientationLandscapeRight UIInterfaceOrientationPortrait UIInterfaceOrientationPortraitUpsideDown";
				IPHONEOS_DEPLOYMENT_TARGET = 13.0;
				LD_RUNPATH_SEARCH_PATHS = (
					"$(inherited)",
					"@executable_path/Frameworks",
				);
				MARKETING_VERSION = 1.0;
				PRODUCT_BUNDLE_IDENTIFIER = Denisyuk.TestTaskAvito;
				PRODUCT_NAME = "$(TARGET_NAME)";
				SWIFT_EMIT_LOC_STRINGS = YES;
				SWIFT_VERSION = 5.0;
				TARGETED_DEVICE_FAMILY = "1,2";
			};
			name = Debug;
		};
		E40CDD44291AACA900E11907 /* Release */ = {
			isa = XCBuildConfiguration;
			buildSettings = {
				ASSETCATALOG_COMPILER_APPICON_NAME = AppIcon;
				ASSETCATALOG_COMPILER_GLOBAL_ACCENT_COLOR_NAME = AccentColor;
				CODE_SIGN_STYLE = Automatic;
				CURRENT_PROJECT_VERSION = 1;
				DEVELOPMENT_TEAM = MV29L5KM63;
				GENERATE_INFOPLIST_FILE = YES;
				INFOPLIST_FILE = TestTaskAvito/Application/Info.plist;
				INFOPLIST_KEY_UIApplicationSupportsIndirectInputEvents = YES;
				INFOPLIST_KEY_UILaunchStoryboardName = LaunchScreen;
				INFOPLIST_KEY_UISupportedInterfaceOrientations = "UIInterfaceOrientationLandscapeLeft UIInterfaceOrientationLandscapeRight UIInterfaceOrientationPortrait UIInterfaceOrientationPortraitUpsideDown";
				IPHONEOS_DEPLOYMENT_TARGET = 13.0;
				LD_RUNPATH_SEARCH_PATHS = (
					"$(inherited)",
					"@executable_path/Frameworks",
				);
				MARKETING_VERSION = 1.0;
				PRODUCT_BUNDLE_IDENTIFIER = Denisyuk.TestTaskAvito;
				PRODUCT_NAME = "$(TARGET_NAME)";
				SWIFT_EMIT_LOC_STRINGS = YES;
				SWIFT_VERSION = 5.0;
				TARGETED_DEVICE_FAMILY = "1,2";
			};
			name = Release;
		};
/* End XCBuildConfiguration section */

/* Begin XCConfigurationList section */
		E40CDD29291AACA600E11907 /* Build configuration list for PBXProject "TestTaskAvito" */ = {
			isa = XCConfigurationList;
			buildConfigurations = (
				E40CDD40291AACA900E11907 /* Debug */,
				E40CDD41291AACA900E11907 /* Release */,
			);
			defaultConfigurationIsVisible = 0;
			defaultConfigurationName = Release;
		};
		E40CDD42291AACA900E11907 /* Build configuration list for PBXNativeTarget "TestTaskAvito" */ = {
			isa = XCConfigurationList;
			buildConfigurations = (
				E40CDD43291AACA900E11907 /* Debug */,
				E40CDD44291AACA900E11907 /* Release */,
			);
			defaultConfigurationIsVisible = 0;
			defaultConfigurationName = Release;
		};
/* End XCConfigurationList section */
	};
	rootObject = E40CDD26291AACA600E11907 /* Project object */;
}
